
Microsoft Visual Studio Solution File, Format Version 12.00
# Visual Studio Version 16
VisualStudioVersion = 16.0.29806.167
MinimumVisualStudioVersion = 10.0.40219.1
Project("{FAE04EC0-301F-11D3-BF4B-00C04F79EFBC}") = "Lab5", "Lab5\Lab5.csproj", "{369A5137-E40A-48A0-94A1-8A933898B2A8}"
EndProject
Project("{FAE04EC0-301F-11D3-BF4B-00C04F79EFBC}") = "Lab5_B_TSES", "Lab5_B_TSES\Lab5_B_TSES.csproj", "{0CD630C9-D5A3-4D3D-BBDF-20D3C98C7445}"
EndProject
Global
	GlobalSection(SolutionConfigurationPlatforms) = preSolution
		Debug|Any CPU = Debug|Any CPU
		Release|Any CPU = Release|Any CPU
	EndGlobalSection
	GlobalSection(ProjectConfigurationPlatforms) = postSolution
		{369A5137-E40A-48A0-94A1-8A933898B2A8}.Debug|Any CPU.ActiveCfg = Debug|Any CPU
		{369A5137-E40A-48A0-94A1-8A933898B2A8}.Debug|Any CPU.Build.0 = Debug|Any CPU
		{369A5137-E40A-48A0-94A1-8A933898B2A8}.Release|Any CPU.ActiveCfg = Release|Any CPU
		{369A5137-E40A-48A0-94A1-8A933898B2A8}.Release|Any CPU.Build.0 = Release|Any CPU
		{0CD630C9-D5A3-4D3D-BBDF-20D3C98C7445}.Debug|Any CPU.ActiveCfg = Debug|Any CPU
		{0CD630C9-D5A3-4D3D-BBDF-20D3C98C7445}.Debug|Any CPU.Build.0 = Debug|Any CPU
		{0CD630C9-D5A3-4D3D-BBDF-20D3C98C7445}.Release|Any CPU.ActiveCfg = Release|Any CPU
		{0CD630C9-D5A3-4D3D-BBDF-20D3C98C7445}.Release|Any CPU.Build.0 = Release|Any CPU
	EndGlobalSection
	GlobalSection(SolutionProperties) = preSolution
		HideSolutionNode = FALSE
	EndGlobalSection
	GlobalSection(ExtensibilityGlobals) = postSolution
		SolutionGuid = {2A40CD13-155E-4423-8D25-F98ABACC9F53}
	EndGlobalSection
EndGlobal
